
Microsoft Visual Studio Solution File, Format Version 12.00
# Visual Studio 14
VisualStudioVersion = 14.0.25420.1
MinimumVisualStudioVersion = 10.0.40219.1
Project("{8BC9CEB8-8B4A-11D0-8D11-00A0C91BC942}") = "bai_1", "bai_1\bai_1.vcxproj", "{85F511D8-88F8-4F82-8691-1B2FF6BC3B49}"
EndProject
Project("{8BC9CEB8-8B4A-11D0-8D11-00A0C91BC942}") = "bai_2", "bai_2\bai_2.vcxproj", "{CF8B4001-D6B1-4569-8520-E1028B4B8002}"
EndProject
Project("{8BC9CEB8-8B4A-11D0-8D11-00A0C91BC942}") = "bai_3", "bai_3\bai_3.vcxproj", "{FC3B6755-2D68-4383-AF5A-59F8F466DFB1}"
EndProject
Project("{8BC9CEB8-8B4A-11D0-8D11-00A0C91BC942}") = "bai4", "bai4\bai4.vcxproj", "{D3351BB3-43FD-4DEA-BD1F-6AA68F87DA30}"
EndProject
Project("{8BC9CEB8-8B4A-11D0-8D11-00A0C91BC942}") = "bai5", "bai5\bai5.vcxproj", "{D9901953-85CD-47F9-9971-7E3D9FB8E81D}"
EndProject
Project("{8BC9CEB8-8B4A-11D0-8D11-00A0C91BC942}") = "bai6", "bai6\bai6.vcxproj", "{56B33806-26E3-40B3-930A-3809724F788D}"
EndProject
Project("{8BC9CEB8-8B4A-11D0-8D11-00A0C91BC942}") = "bai7", "bai7\bai7.vcxproj", "{49B72971-63D6-4931-B7F7-AA422924BD3D}"
EndProject
Project("{8BC9CEB8-8B4A-11D0-8D11-00A0C91BC942}") = "bai8", "bai8\bai8.vcxproj", "{98D600C0-69B3-4A10-A1F4-630027F3EF66}"
EndProject
Project("{8BC9CEB8-8B4A-11D0-8D11-00A0C91BC942}") = "bai9", "bai9\bai9.vcxproj", "{3671EB93-D62D-48C8-B720-994A39486848}"
EndProject
Project("{8BC9CEB8-8B4A-11D0-8D11-00A0C91BC942}") = "bai9.1", "bai9.1\bai9.1.vcxproj", "{277474E9-2EEF-4E43-A65A-994E4552BF6F}"
EndProject
Global
	GlobalSection(SolutionConfigurationPlatforms) = preSolution
		Debug|x64 = Debug|x64
		Debug|x86 = Debug|x86
		Release|x64 = Release|x64
		Release|x86 = Release|x86
	EndGlobalSection
	GlobalSection(ProjectConfigurationPlatforms) = postSolution
		{85F511D8-88F8-4F82-8691-1B2FF6BC3B49}.Debug|x64.ActiveCfg = Debug|x64
		{85F511D8-88F8-4F82-8691-1B2FF6BC3B49}.Debug|x64.Build.0 = Debug|x64
		{85F511D8-88F8-4F82-8691-1B2FF6BC3B49}.Debug|x86.ActiveCfg = Debug|Win32
		{85F511D8-88F8-4F82-8691-1B2FF6BC3B49}.Debug|x86.Build.0 = Debug|Win32
		{85F511D8-88F8-4F82-8691-1B2FF6BC3B49}.Release|x64.ActiveCfg = Release|x64
		{85F511D8-88F8-4F82-8691-1B2FF6BC3B49}.Release|x64.Build.0 = Release|x64
		{85F511D8-88F8-4F82-8691-1B2FF6BC3B49}.Release|x86.ActiveCfg = Release|Win32
		{85F511D8-88F8-4F82-8691-1B2FF6BC3B49}.Release|x86.Build.0 = Release|Win32
		{CF8B4001-D6B1-4569-8520-E1028B4B8002}.Debug|x64.ActiveCfg = Debug|x64
		{CF8B4001-D6B1-4569-8520-E1028B4B8002}.Debug|x64.Build.0 = Debug|x64
		{CF8B4001-D6B1-4569-8520-E1028B4B8002}.Debug|x86.ActiveCfg = Debug|Win32
		{CF8B4001-D6B1-4569-8520-E1028B4B8002}.Debug|x86.Build.0 = Debug|Win32
		{CF8B4001-D6B1-4569-8520-E1028B4B8002}.Release|x64.ActiveCfg = Release|x64
		{CF8B4001-D6B1-4569-8520-E1028B4B8002}.Release|x64.Build.0 = Release|x64
		{CF8B4001-D6B1-4569-8520-E1028B4B8002}.Release|x86.ActiveCfg = Release|Win32
		{CF8B4001-D6B1-4569-8520-E1028B4B8002}.Release|x86.Build.0 = Release|Win32
		{FC3B6755-2D68-4383-AF5A-59F8F466DFB1}.Debug|x64.ActiveCfg = Debug|x64
		{FC3B6755-2D68-4383-AF5A-59F8F466DFB1}.Debug|x64.Build.0 = Debug|x64
		{FC3B6755-2D68-4383-AF5A-59F8F466DFB1}.Debug|x86.ActiveCfg = Debug|Win32
		{FC3B6755-2D68-4383-AF5A-59F8F466DFB1}.Debug|x86.Build.0 = Debug|Win32
		{FC3B6755-2D68-4383-AF5A-59F8F466DFB1}.Release|x64.ActiveCfg = Release|x64
		{FC3B6755-2D68-4383-AF5A-59F8F466DFB1}.Release|x64.Build.0 = Release|x64
		{FC3B6755-2D68-4383-AF5A-59F8F466DFB1}.Release|x86.ActiveCfg = Release|Win32
		{FC3B6755-2D68-4383-AF5A-59F8F466DFB1}.Release|x86.Build.0 = Release|Win32
		{D3351BB3-43FD-4DEA-BD1F-6AA68F87DA30}.Debug|x64.ActiveCfg = Debug|x64
		{D3351BB3-43FD-4DEA-BD1F-6AA68F87DA30}.Debug|x64.Build.0 = Debug|x64
		{D3351BB3-43FD-4DEA-BD1F-6AA68F87DA30}.Debug|x86.ActiveCfg = Debug|Win32
		{D3351BB3-43FD-4DEA-BD1F-6AA68F87DA30}.Debug|x86.Build.0 = Debug|Win32
		{D3351BB3-43FD-4DEA-BD1F-6AA68F87DA30}.Release|x64.ActiveCfg = Release|x64
		{D3351BB3-43FD-4DEA-BD1F-6AA68F87DA30}.Release|x64.Build.0 = Release|x64
		{D3351BB3-43FD-4DEA-BD1F-6AA68F87DA30}.Release|x86.ActiveCfg = Release|Win32
		{D3351BB3-43FD-4DEA-BD1F-6AA68F87DA30}.Release|x86.Build.0 = Release|Win32
		{D9901953-85CD-47F9-9971-7E3D9FB8E81D}.Debug|x64.ActiveCfg = Debug|x64
		{D9901953-85CD-47F9-9971-7E3D9FB8E81D}.Debug|x64.Build.0 = Debug|x64
		{D9901953-85CD-47F9-9971-7E3D9FB8E81D}.Debug|x86.ActiveCfg = Debug|Win32
		{D9901953-85CD-47F9-9971-7E3D9FB8E81D}.Debug|x86.Build.0 = Debug|Win32
		{D9901953-85CD-47F9-9971-7E3D9FB8E81D}.Release|x64.ActiveCfg = Release|x64
		{D9901953-85CD-47F9-9971-7E3D9FB8E81D}.Release|x64.Build.0 = Release|x64
		{D9901953-85CD-47F9-9971-7E3D9FB8E81D}.Release|x86.ActiveCfg = Release|Win32
		{D9901953-85CD-47F9-9971-7E3D9FB8E81D}.Release|x86.Build.0 = Release|Win32
		{56B33806-26E3-40B3-930A-3809724F788D}.Debug|x64.ActiveCfg = Debug|x64
		{56B33806-26E3-40B3-930A-3809724F788D}.Debug|x64.Build.0 = Debug|x64
		{56B33806-26E3-40B3-930A-3809724F788D}.Debug|x86.ActiveCfg = Debug|Win32
		{56B33806-26E3-40B3-930A-3809724F788D}.Debug|x86.Build.0 = Debug|Win32
		{56B33806-26E3-40B3-930A-3809724F788D}.Release|x64.ActiveCfg = Release|x64
		{56B33806-26E3-40B3-930A-3809724F788D}.Release|x64.Build.0 = Release|x64
		{56B33806-26E3-40B3-930A-3809724F788D}.Release|x86.ActiveCfg = Release|Win32
		{56B33806-26E3-40B3-930A-3809724F788D}.Release|x86.Build.0 = Release|Win32
		{49B72971-63D6-4931-B7F7-AA422924BD3D}.Debug|x64.ActiveCfg = Debug|x64
		{49B72971-63D6-4931-B7F7-AA422924BD3D}.Debug|x64.Build.0 = Debug|x64
		{49B72971-63D6-4931-B7F7-AA422924BD3D}.Debug|x86.ActiveCfg = Debug|Win32
		{49B72971-63D6-4931-B7F7-AA422924BD3D}.Debug|x86.Build.0 = Debug|Win32
		{49B72971-63D6-4931-B7F7-AA422924BD3D}.Release|x64.ActiveCfg = Release|x64
		{49B72971-63D6-4931-B7F7-AA422924BD3D}.Release|x64.Build.0 = Release|x64
		{49B72971-63D6-4931-B7F7-AA422924BD3D}.Release|x86.ActiveCfg = Release|Win32
		{49B72971-63D6-4931-B7F7-AA422924BD3D}.Release|x86.Build.0 = Release|Win32
		{98D600C0-69B3-4A10-A1F4-630027F3EF66}.Debug|x64.ActiveCfg = Debug|x64
		{98D600C0-69B3-4A10-A1F4-630027F3EF66}.Debug|x64.Build.0 = Debug|x64
		{98D600C0-69B3-4A10-A1F4-630027F3EF66}.Debug|x86.ActiveCfg = Debug|Win32
		{98D600C0-69B3-4A10-A1F4-630027F3EF66}.Debug|x86.Build.0 = Debug|Win32
		{98D600C0-69B3-4A10-A1F4-630027F3EF66}.Release|x64.ActiveCfg = Release|x64
		{98D600C0-69B3-4A10-A1F4-630027F3EF66}.Release|x64.Build.0 = Release|x64
		{98D600C0-69B3-4A10-A1F4-630027F3EF66}.Release|x86.ActiveCfg = Release|Win32
		{98D600C0-69B3-4A10-A1F4-630027F3EF66}.Release|x86.Build.0 = Release|Win32
		{3671EB93-D62D-48C8-B720-994A39486848}.Debug|x64.ActiveCfg = Debug|x64
		{3671EB93-D62D-48C8-B720-994A39486848}.Debug|x64.Build.0 = Debug|x64
		{3671EB93-D62D-48C8-B720-994A39486848}.Debug|x86.ActiveCfg = Debug|Win32
		{3671EB93-D62D-48C8-B720-994A39486848}.Debug|x86.Build.0 = Debug|Win32
		{3671EB93-D62D-48C8-B720-994A39486848}.Release|x64.ActiveCfg = Release|x64
		{3671EB93-D62D-48C8-B720-994A39486848}.Release|x64.Build.0 = Release|x64
		{3671EB93-D62D-48C8-B720-994A39486848}.Release|x86.ActiveCfg = Release|Win32
		{3671EB93-D62D-48C8-B720-994A39486848}.Release|x86.Build.0 = Release|Win32
		{277474E9-2EEF-4E43-A65A-994E4552BF6F}.Debug|x64.ActiveCfg = Debug|x64
		{277474E9-2EEF-4E43-A65A-994E4552BF6F}.Debug|x64.Build.0 = Debug|x64
		{277474E9-2EEF-4E43-A65A-994E4552BF6F}.Debug|x86.ActiveCfg = Debug|Win32
		{277474E9-2EEF-4E43-A65A-994E4552BF6F}.Debug|x86.Build.0 = Debug|Win32
		{277474E9-2EEF-4E43-A65A-994E4552BF6F}.Release|x64.ActiveCfg = Release|x64
		{277474E9-2EEF-4E43-A65A-994E4552BF6F}.Release|x64.Build.0 = Release|x64
		{277474E9-2EEF-4E43-A65A-994E4552BF6F}.Release|x86.ActiveCfg = Release|Win32
		{277474E9-2EEF-4E43-A65A-994E4552BF6F}.Release|x86.Build.0 = Release|Win32
	EndGlobalSection
	GlobalSection(SolutionProperties) = preSolution
		HideSolutionNode = FALSE
	EndGlobalSection
EndGlobal
